{
  "name": "server",
  "lockfileVersion": 3,
  "requires": true,
  "packages": {
    "": {
      "dependencies": {
        "dotenv": "^16.5.0",
        "excellent-mindset-academy-server": "file:.."
      }
    },
    "..": {
      "name": "excellent-mindset-academy-server",
      "version": "1.0.0",
      "dependencies": {
        "bcrypt": "^5.1.0",
        "body-parser": "^1.20.1",
        "cors": "^2.8.5",
        "express": "^4.18.2",
        "jsonwebtoken": "^9.0.0",
        "mongoose": "^6.9.1",
        "nodemailer": "^6.9.1",
        "paypal-rest-sdk": "^1.8.1",
        "socket.io": "^4.5.2"
      }
    },
    "node_modules/dotenv": {
      "version": "16.5.0",
      "resolved": "https://registry.npmjs.org/dotenv/-/dotenv-16.5.0.tgz",
      "integrity": "sha512-m/C+AwOAr9/W1UOIZUo232ejMNnJAJtYQjUbHoNTBNTJSvqzzDh7vnrei3o3r3m9blf6ZoDkvcw0VmozNRFJxg==",
      "engines": {
        "node": ">=12"
      },
      "funding": {
        "url": "https://dotenvx.com"
      }
    },
    "node_modules/excellent-mindset-academy-server": {
      "resolved": "..",
      "link": true
    }
  }
}
